
Microsoft Visual Studio Solution File, Format Version 12.00
# Visual Studio Version 16
VisualStudioVersion = 16.0.29609.76
MinimumVisualStudioVersion = 10.0.40219.1
Project("{FAE04EC0-301F-11D3-BF4B-00C04F79EFBC}") = "Entries.Android", "Entries.Android\Entries.Android.csproj", "{C7FEB115-8D6D-4B39-B6A7-57B364BCD2FE}"
EndProject
Project("{FAE04EC0-301F-11D3-BF4B-00C04F79EFBC}") = "Entries", "Entries\Entries.csproj", "{D4C9333E-45A9-4D3F-8310-06E556E7D285}"
EndProject
Global
	GlobalSection(SolutionConfigurationPlatforms) = preSolution
		Debug|Any CPU = Debug|Any CPU
		Release|Any CPU = Release|Any CPU
	EndGlobalSection
	GlobalSection(ProjectConfigurationPlatforms) = postSolution
		{C7FEB115-8D6D-4B39-B6A7-57B364BCD2FE}.Debug|Any CPU.ActiveCfg = Debug|Any CPU
		{C7FEB115-8D6D-4B39-B6A7-57B364BCD2FE}.Debug|Any CPU.Build.0 = Debug|Any CPU
		{C7FEB115-8D6D-4B39-B6A7-57B364BCD2FE}.Debug|Any CPU.Deploy.0 = Debug|Any CPU
		{C7FEB115-8D6D-4B39-B6A7-57B364BCD2FE}.Release|Any CPU.ActiveCfg = Release|Any CPU
		{C7FEB115-8D6D-4B39-B6A7-57B364BCD2FE}.Release|Any CPU.Build.0 = Release|Any CPU
		{C7FEB115-8D6D-4B39-B6A7-57B364BCD2FE}.Release|Any CPU.Deploy.0 = Release|Any CPU
		{D4C9333E-45A9-4D3F-8310-06E556E7D285}.Debug|Any CPU.ActiveCfg = Debug|Any CPU
		{D4C9333E-45A9-4D3F-8310-06E556E7D285}.Debug|Any CPU.Build.0 = Debug|Any CPU
		{D4C9333E-45A9-4D3F-8310-06E556E7D285}.Debug|Any CPU.Deploy.0 = Debug|Any CPU
		{D4C9333E-45A9-4D3F-8310-06E556E7D285}.Release|Any CPU.ActiveCfg = Release|Any CPU
		{D4C9333E-45A9-4D3F-8310-06E556E7D285}.Release|Any CPU.Build.0 = Release|Any CPU
		{D4C9333E-45A9-4D3F-8310-06E556E7D285}.Release|Any CPU.Deploy.0 = Release|Any CPU
	EndGlobalSection
	GlobalSection(SolutionProperties) = preSolution
		HideSolutionNode = FALSE
	EndGlobalSection
	GlobalSection(ExtensibilityGlobals) = postSolution
		SolutionGuid = {9CA3DDAD-FB28-4969-8E48-9241BF6C20F1}
	EndGlobalSection
EndGlobal
